
Microsoft Visual Studio Solution File, Format Version 12.00
# Visual Studio Version 17
VisualStudioVersion = 17.0.31903.59
MinimumVisualStudioVersion = 10.0.40219.1
Project("{FAE04EC0-301F-11D3-BF4B-00C04F79EFBC}") = "API", "API\API.csproj", "{F244F020-CE3A-4A1F-A317-8FF8A849A63B}"
EndProject
Project("{FAE04EC0-301F-11D3-BF4B-00C04F79EFBC}") = "Application", "Application\Application.csproj", "{EB6E578D-D369-4AF8-AB8E-2799B5B32D2E}"
EndProject
Project("{FAE04EC0-301F-11D3-BF4B-00C04F79EFBC}") = "Persistence", "Persistence\Persistence.csproj", "{B5B0693D-9095-4936-AE41-745FBAE8E05B}"
EndProject
Project("{FAE04EC0-301F-11D3-BF4B-00C04F79EFBC}") = "Domain", "Domain\Domain.csproj", "{3418CFEB-9F74-41A2-9C6F-C99ED84CB702}"
EndProject
Global
	GlobalSection(SolutionConfigurationPlatforms) = preSolution
		Debug|Any CPU = Debug|Any CPU
		Release|Any CPU = Release|Any CPU
	EndGlobalSection
	GlobalSection(SolutionProperties) = preSolution
		HideSolutionNode = FALSE
	EndGlobalSection
	GlobalSection(ProjectConfigurationPlatforms) = postSolution
		{F244F020-CE3A-4A1F-A317-8FF8A849A63B}.Debug|Any CPU.ActiveCfg = Debug|Any CPU
		{F244F020-CE3A-4A1F-A317-8FF8A849A63B}.Debug|Any CPU.Build.0 = Debug|Any CPU
		{F244F020-CE3A-4A1F-A317-8FF8A849A63B}.Release|Any CPU.ActiveCfg = Release|Any CPU
		{F244F020-CE3A-4A1F-A317-8FF8A849A63B}.Release|Any CPU.Build.0 = Release|Any CPU
		{EB6E578D-D369-4AF8-AB8E-2799B5B32D2E}.Debug|Any CPU.ActiveCfg = Debug|Any CPU
		{EB6E578D-D369-4AF8-AB8E-2799B5B32D2E}.Debug|Any CPU.Build.0 = Debug|Any CPU
		{EB6E578D-D369-4AF8-AB8E-2799B5B32D2E}.Release|Any CPU.ActiveCfg = Release|Any CPU
		{EB6E578D-D369-4AF8-AB8E-2799B5B32D2E}.Release|Any CPU.Build.0 = Release|Any CPU
		{B5B0693D-9095-4936-AE41-745FBAE8E05B}.Debug|Any CPU.ActiveCfg = Debug|Any CPU
		{B5B0693D-9095-4936-AE41-745FBAE8E05B}.Debug|Any CPU.Build.0 = Debug|Any CPU
		{B5B0693D-9095-4936-AE41-745FBAE8E05B}.Release|Any CPU.ActiveCfg = Release|Any CPU
		{B5B0693D-9095-4936-AE41-745FBAE8E05B}.Release|Any CPU.Build.0 = Release|Any CPU
		{3418CFEB-9F74-41A2-9C6F-C99ED84CB702}.Debug|Any CPU.ActiveCfg = Debug|Any CPU
		{3418CFEB-9F74-41A2-9C6F-C99ED84CB702}.Debug|Any CPU.Build.0 = Debug|Any CPU
		{3418CFEB-9F74-41A2-9C6F-C99ED84CB702}.Release|Any CPU.ActiveCfg = Release|Any CPU
		{3418CFEB-9F74-41A2-9C6F-C99ED84CB702}.Release|Any CPU.Build.0 = Release|Any CPU
	EndGlobalSection
EndGlobal
